// !$*UTF8*$!
{
	archiveVersion = 1;
	classes = {
	};
	objectVersion = 50;
	objects = {

/* Begin PBXBuildFile section */
		C4FE9600AFBE898F97EECA6B /* Pods_Budget.framework in Frameworks */ = {isa = PBXBuildFile; fileRef = E661FF7FE18AEAEB4972E175 /* Pods_Budget.framework */; };
		DA02526F226FFABE00C68E7B /* LogInController.swift in Sources */ = {isa = PBXBuildFile; fileRef = DA02526E226FFABE00C68E7B /* LogInController.swift */; };
		DA02527322700E3800C68E7B /* SignUpController.swift in Sources */ = {isa = PBXBuildFile; fileRef = DA02527222700E3800C68E7B /* SignUpController.swift */; };
		DA08F42622701A3C006373A5 /* LogScreen.storyboard in Resources */ = {isa = PBXBuildFile; fileRef = DA08F42522701A3C006373A5 /* LogScreen.storyboard */; };
		DA08F4292270B1CE006373A5 /* AlertsManager.swift in Sources */ = {isa = PBXBuildFile; fileRef = DA08F4282270B1CE006373A5 /* AlertsManager.swift */; };
		DA08F42D2270EF8D006373A5 /* User.swift in Sources */ = {isa = PBXBuildFile; fileRef = DA08F42C2270EF8D006373A5 /* User.swift */; };
		DA1B58F522710086009B9925 /* Expenses.swift in Sources */ = {isa = PBXBuildFile; fileRef = DA1B58F422710086009B9925 /* Expenses.swift */; };
		DAC8EB81226F981800DCC1F4 /* AppDelegate.swift in Sources */ = {isa = PBXBuildFile; fileRef = DAC8EB80226F981800DCC1F4 /* AppDelegate.swift */; };
		DAC8EB83226F981800DCC1F4 /* MainController.swift in Sources */ = {isa = PBXBuildFile; fileRef = DAC8EB82226F981800DCC1F4 /* MainController.swift */; };
		DAC8EB88226F981B00DCC1F4 /* Assets.xcassets in Resources */ = {isa = PBXBuildFile; fileRef = DAC8EB87226F981B00DCC1F4 /* Assets.xcassets */; };
		DAC8EB8B226F981B00DCC1F4 /* LaunchScreen.storyboard in Resources */ = {isa = PBXBuildFile; fileRef = DAC8EB89226F981B00DCC1F4 /* LaunchScreen.storyboard */; };
		DAC8EB93226F98A200DCC1F4 /* Main.storyboard in Resources */ = {isa = PBXBuildFile; fileRef = DAC8EB92226F98A200DCC1F4 /* Main.storyboard */; };
		DAC8EB99226F994E00DCC1F4 /* ExpenseController.swift in Sources */ = {isa = PBXBuildFile; fileRef = DAC8EB98226F994E00DCC1F4 /* ExpenseController.swift */; };
		DAC8EB9B226F998C00DCC1F4 /* ExpenseCell.swift in Sources */ = {isa = PBXBuildFile; fileRef = DAC8EB9A226F998C00DCC1F4 /* ExpenseCell.swift */; };
		DAC8EB9D226F9AC900DCC1F4 /* Expense.swift in Sources */ = {isa = PBXBuildFile; fileRef = DAC8EB9C226F9AC900DCC1F4 /* Expense.swift */; };
		DAC8EB9F226F9E8000DCC1F4 /* GoogleService-Info.plist in Resources */ = {isa = PBXBuildFile; fileRef = DAC8EB9E226F9E8000DCC1F4 /* GoogleService-Info.plist */; };
/* End PBXBuildFile section */

/* Begin PBXFileReference section */
		D0368C6DEA64C96406B5A10E /* Pods-Budget.release.xcconfig */ = {isa = PBXFileReference; includeInIndex = 1; lastKnownFileType = text.xcconfig; name = "Pods-Budget.release.xcconfig"; path = "Pods/Target Support Files/Pods-Budget/Pods-Budget.release.xcconfig"; sourceTree = "<group>"; };
		DA02526E226FFABE00C68E7B /* LogInController.swift */ = {isa = PBXFileReference; lastKnownFileType = sourcecode.swift; path = LogInController.swift; sourceTree = "<group>"; };
		DA02527222700E3800C68E7B /* SignUpController.swift */ = {isa = PBXFileReference; lastKnownFileType = sourcecode.swift; path = SignUpController.swift; sourceTree = "<group>"; };
		DA08F42522701A3C006373A5 /* LogScreen.storyboard */ = {isa = PBXFileReference; lastKnownFileType = file.storyboard; path = LogScreen.storyboard; sourceTree = "<group>"; };
		DA08F4282270B1CE006373A5 /* AlertsManager.swift */ = {isa = PBXFileReference; lastKnownFileType = sourcecode.swift; path = AlertsManager.swift; sourceTree = "<group>"; };
		DA08F42C2270EF8D006373A5 /* User.swift */ = {isa = PBXFileReference; lastKnownFileType = sourcecode.swift; path = User.swift; sourceTree = "<group>"; };
		DA1B58F422710086009B9925 /* Expenses.swift */ = {isa = PBXFileReference; lastKnownFileType = sourcecode.swift; path = Expenses.swift; sourceTree = "<group>"; };
		DAC8EB7D226F981800DCC1F4 /* Budget.app */ = {isa = PBXFileReference; explicitFileType = wrapper.application; includeInIndex = 0; path = Budget.app; sourceTree = BUILT_PRODUCTS_DIR; };
		DAC8EB80226F981800DCC1F4 /* AppDelegate.swift */ = {isa = PBXFileReference; lastKnownFileType = sourcecode.swift; path = AppDelegate.swift; sourceTree = "<group>"; };
		DAC8EB82226F981800DCC1F4 /* MainController.swift */ = {isa = PBXFileReference; lastKnownFileType = sourcecode.swift; path = MainController.swift; sourceTree = "<group>"; };
		DAC8EB87226F981B00DCC1F4 /* Assets.xcassets */ = {isa = PBXFileReference; lastKnownFileType = folder.assetcatalog; path = Assets.xcassets; sourceTree = "<group>"; };
		DAC8EB8A226F981B00DCC1F4 /* Base */ = {isa = PBXFileReference; lastKnownFileType = file.storyboard; name = Base; path = Base.lproj/LaunchScreen.storyboard; sourceTree = "<group>"; };
		DAC8EB8C226F981B00DCC1F4 /* Info.plist */ = {isa = PBXFileReference; lastKnownFileType = text.plist.xml; path = Info.plist; sourceTree = "<group>"; };
		DAC8EB92226F98A200DCC1F4 /* Main.storyboard */ = {isa = PBXFileReference; lastKnownFileType = file.storyboard; path = Main.storyboard; sourceTree = "<group>"; };
		DAC8EB98226F994E00DCC1F4 /* ExpenseController.swift */ = {isa = PBXFileReference; lastKnownFileType = sourcecode.swift; path = ExpenseController.swift; sourceTree = "<group>"; };
		DAC8EB9A226F998C00DCC1F4 /* ExpenseCell.swift */ = {isa = PBXFileReference; lastKnownFileType = sourcecode.swift; path = ExpenseCell.swift; sourceTree = "<group>"; };
		DAC8EB9C226F9AC900DCC1F4 /* Expense.swift */ = {isa = PBXFileReference; lastKnownFileType = sourcecode.swift; path = Expense.swift; sourceTree = "<group>"; };
		DAC8EB9E226F9E8000DCC1F4 /* GoogleService-Info.plist */ = {isa = PBXFileReference; fileEncoding = 4; lastKnownFileType = text.plist.xml; path = "GoogleService-Info.plist"; sourceTree = "<group>"; };
		E661FF7FE18AEAEB4972E175 /* Pods_Budget.framework */ = {isa = PBXFileReference; explicitFileType = wrapper.framework; includeInIndex = 0; path = Pods_Budget.framework; sourceTree = BUILT_PRODUCTS_DIR; };
		F0954CF9A1E1255B2E46B6F5 /* Pods-Budget.debug.xcconfig */ = {isa = PBXFileReference; includeInIndex = 1; lastKnownFileType = text.xcconfig; name = "Pods-Budget.debug.xcconfig"; path = "Pods/Target Support Files/Pods-Budget/Pods-Budget.debug.xcconfig"; sourceTree = "<group>"; };
/* End PBXFileReference section */

/* Begin PBXFrameworksBuildPhase section */
		DAC8EB7A226F981800DCC1F4 /* Frameworks */ = {
			isa = PBXFrameworksBuildPhase;
			buildActionMask = 2147483647;
			files = (
				C4FE9600AFBE898F97EECA6B /* Pods_Budget.framework in Frameworks */,
			);
			runOnlyForDeploymentPostprocessing = 0;
		};
/* End PBXFrameworksBuildPhase section */

/* Begin PBXGroup section */
		88490E2BAA1477987B8C7FB0 /* Frameworks */ = {
			isa = PBXGroup;
			children = (
				E661FF7FE18AEAEB4972E175 /* Pods_Budget.framework */,
			);
			name = Frameworks;
			sourceTree = "<group>";
		};
		A1D62B8B752FD5D3BF64E837 /* Pods */ = {
			isa = PBXGroup;
			children = (
				F0954CF9A1E1255B2E46B6F5 /* Pods-Budget.debug.xcconfig */,
				D0368C6DEA64C96406B5A10E /* Pods-Budget.release.xcconfig */,
			);
			name = Pods;
			sourceTree = "<group>";
		};
		DA08F4272270B1AF006373A5 /* Managers */ = {
			isa = PBXGroup;
			children = (
				DA08F4282270B1CE006373A5 /* AlertsManager.swift */,
			);
			path = Managers;
			sourceTree = "<group>";
		};
		DAC8EB74226F981800DCC1F4 = {
			isa = PBXGroup;
			children = (
				DAC8EB7F226F981800DCC1F4 /* Budget */,
				DAC8EB7E226F981800DCC1F4 /* Products */,
				A1D62B8B752FD5D3BF64E837 /* Pods */,
				88490E2BAA1477987B8C7FB0 /* Frameworks */,
			);
			sourceTree = "<group>";
		};
		DAC8EB7E226F981800DCC1F4 /* Products */ = {
			isa = PBXGroup;
			children = (
				DAC8EB7D226F981800DCC1F4 /* Budget.app */,
			);
			name = Products;
			sourceTree = "<group>";
		};
		DAC8EB7F226F981800DCC1F4 /* Budget */ = {
			isa = PBXGroup;
			children = (
				DAC8EB80226F981800DCC1F4 /* AppDelegate.swift */,
				DA08F4272270B1AF006373A5 /* Managers */,
				DAC8EB94226F98C700DCC1F4 /* StoryBoards */,
				DAC8EB95226F98D100DCC1F4 /* Controllers */,
				DAC8EB97226F98F300DCC1F4 /* Cellgroups */,
				DAC8EB96226F98EA00DCC1F4 /* Models */,
				DAC8EB89226F981B00DCC1F4 /* LaunchScreen.storyboard */,
				DAC8EB9E226F9E8000DCC1F4 /* GoogleService-Info.plist */,
				DAC8EB87226F981B00DCC1F4 /* Assets.xcassets */,
				DAC8EB8C226F981B00DCC1F4 /* Info.plist */,
			);
			path = Budget;
			sourceTree = "<group>";
		};
		DAC8EB94226F98C700DCC1F4 /* StoryBoards */ = {
			isa = PBXGroup;
			children = (
				DAC8EB92226F98A200DCC1F4 /* Main.storyboard */,
				DA08F42522701A3C006373A5 /* LogScreen.storyboard */,
			);
			path = StoryBoards;
			sourceTree = "<group>";
		};
		DAC8EB95226F98D100DCC1F4 /* Controllers */ = {
			isa = PBXGroup;
			children = (
				DAC8EB82226F981800DCC1F4 /* MainController.swift */,
				DAC8EB98226F994E00DCC1F4 /* ExpenseController.swift */,
				DA02526E226FFABE00C68E7B /* LogInController.swift */,
				DA02527222700E3800C68E7B /* SignUpController.swift */,
			);
			path = Controllers;
			sourceTree = "<group>";
		};
		DAC8EB96226F98EA00DCC1F4 /* Models */ = {
			isa = PBXGroup;
			children = (
				DAC8EB9C226F9AC900DCC1F4 /* Expense.swift */,
				DA1B58F422710086009B9925 /* Expenses.swift */,
				DA08F42C2270EF8D006373A5 /* User.swift */,
			);
			path = Models;
			sourceTree = "<group>";
		};
		DAC8EB97226F98F300DCC1F4 /* Cellgroups */ = {
			isa = PBXGroup;
			children = (
				DAC8EB9A226F998C00DCC1F4 /* ExpenseCell.swift */,
			);
			path = Cellgroups;
			sourceTree = "<group>";
		};
/* End PBXGroup section */

/* Begin PBXNativeTarget section */
		DAC8EB7C226F981800DCC1F4 /* Budget */ = {
			isa = PBXNativeTarget;
			buildConfigurationList = DAC8EB8F226F981B00DCC1F4 /* Build configuration list for PBXNativeTarget "Budget" */;
			buildPhases = (
				A0FC5588A87F88877D9FA894 /* [CP] Check Pods Manifest.lock */,
				DAC8EB79226F981800DCC1F4 /* Sources */,
				DAC8EB7A226F981800DCC1F4 /* Frameworks */,
				DAC8EB7B226F981800DCC1F4 /* Resources */,
				B50F5F641949A08ECB08DEF3 /* [CP] Embed Pods Frameworks */,
			);
			buildRules = (
			);
			dependencies = (
			);
			name = Budget;
			productName = Budget;
			productReference = DAC8EB7D226F981800DCC1F4 /* Budget.app */;
			productType = "com.apple.product-type.application";
		};
/* End PBXNativeTarget section */

/* Begin PBXProject section */
		DAC8EB75226F981800DCC1F4 /* Project object */ = {
			isa = PBXProject;
			attributes = {
				LastSwiftUpdateCheck = 1010;
				LastUpgradeCheck = 1010;
				ORGANIZATIONNAME = com.yagoapps;
				TargetAttributes = {
					DAC8EB7C226F981800DCC1F4 = {
						CreatedOnToolsVersion = 10.1;
					};
				};
			};
			buildConfigurationList = DAC8EB78226F981800DCC1F4 /* Build configuration list for PBXProject "Budget" */;
			compatibilityVersion = "Xcode 9.3";
			developmentRegion = en;
			hasScannedForEncodings = 0;
			knownRegions = (
				en,
				Base,
			);
			mainGroup = DAC8EB74226F981800DCC1F4;
			productRefGroup = DAC8EB7E226F981800DCC1F4 /* Products */;
			projectDirPath = "";
			projectRoot = "";
			targets = (
				DAC8EB7C226F981800DCC1F4 /* Budget */,
			);
		};
/* End PBXProject section */

/* Begin PBXResourcesBuildPhase section */
		DAC8EB7B226F981800DCC1F4 /* Resources */ = {
			isa = PBXResourcesBuildPhase;
			buildActionMask = 2147483647;
			files = (
				DAC8EB93226F98A200DCC1F4 /* Main.storyboard in Resources */,
				DAC8EB9F226F9E8000DCC1F4 /* GoogleService-Info.plist in Resources */,
				DAC8EB8B226F981B00DCC1F4 /* LaunchScreen.storyboard in Resources */,
				DA08F42622701A3C006373A5 /* LogScreen.storyboard in Resources */,
				DAC8EB88226F981B00DCC1F4 /* Assets.xcassets in Resources */,
			);
			runOnlyForDeploymentPostprocessing = 0;
		};
/* End PBXResourcesBuildPhase section */

/* Begin PBXShellScriptBuildPhase section */
		A0FC5588A87F88877D9FA894 /* [CP] Check Pods Manifest.lock */ = {
			isa = PBXShellScriptBuildPhase;
			buildActionMask = 2147483647;
			files = (
			);
			inputPaths = (
				"${PODS_PODFILE_DIR_PATH}/Podfile.lock",
				"${PODS_ROOT}/Manifest.lock",
			);
			name = "[CP] Check Pods Manifest.lock";
			outputPaths = (
				"$(DERIVED_FILE_DIR)/Pods-Budget-checkManifestLockResult.txt",
			);
			runOnlyForDeploymentPostprocessing = 0;
			shellPath = /bin/sh;
			shellScript = "diff \"${PODS_PODFILE_DIR_PATH}/Podfile.lock\" \"${PODS_ROOT}/Manifest.lock\" > /dev/null\nif [ $? != 0 ] ; then\n    # print error to STDERR\n    echo \"error: The sandbox is not in sync with the Podfile.lock. Run 'pod install' or update your CocoaPods installation.\" >&2\n    exit 1\nfi\n# This output is used by Xcode 'outputs' to avoid re-running this script phase.\necho \"SUCCESS\" > \"${SCRIPT_OUTPUT_FILE_0}\"\n";
			showEnvVarsInLog = 0;
		};
		B50F5F641949A08ECB08DEF3 /* [CP] Embed Pods Frameworks */ = {
			isa = PBXShellScriptBuildPhase;
			buildActionMask = 2147483647;
			files = (
			);
			inputPaths = (
				"${SRCROOT}/Pods/Target Support Files/Pods-Budget/Pods-Budget-frameworks.sh",
				"${BUILT_PRODUCTS_DIR}/GTMSessionFetcher/GTMSessionFetcher.framework",
				"${BUILT_PRODUCTS_DIR}/GoogleUtilities/GoogleUtilities.framework",
				"${BUILT_PRODUCTS_DIR}/HandyJSON/HandyJSON.framework",
				"${BUILT_PRODUCTS_DIR}/leveldb-library/leveldb.framework",
				"${BUILT_PRODUCTS_DIR}/nanopb/nanopb.framework",
			);
			name = "[CP] Embed Pods Frameworks";
			outputPaths = (
				"${TARGET_BUILD_DIR}/${FRAMEWORKS_FOLDER_PATH}/GTMSessionFetcher.framework",
				"${TARGET_BUILD_DIR}/${FRAMEWORKS_FOLDER_PATH}/GoogleUtilities.framework",
				"${TARGET_BUILD_DIR}/${FRAMEWORKS_FOLDER_PATH}/HandyJSON.framework",
				"${TARGET_BUILD_DIR}/${FRAMEWORKS_FOLDER_PATH}/leveldb.framework",
				"${TARGET_BUILD_DIR}/${FRAMEWORKS_FOLDER_PATH}/nanopb.framework",
			);
			runOnlyForDeploymentPostprocessing = 0;
			shellPath = /bin/sh;
			shellScript = "\"${SRCROOT}/Pods/Target Support Files/Pods-Budget/Pods-Budget-frameworks.sh\"\n";
			showEnvVarsInLog = 0;
		};
/* End PBXShellScriptBuildPhase section */

/* Begin PBXSourcesBuildPhase section */
		DAC8EB79226F981800DCC1F4 /* Sources */ = {
			isa = PBXSourcesBuildPhase;
			buildActionMask = 2147483647;
			files = (
				DA1B58F522710086009B9925 /* Expenses.swift in Sources */,
				DAC8EB9B226F998C00DCC1F4 /* ExpenseCell.swift in Sources */,
				DA02526F226FFABE00C68E7B /* LogInController.swift in Sources */,
				DA02527322700E3800C68E7B /* SignUpController.swift in Sources */,
				DAC8EB99226F994E00DCC1F4 /* ExpenseController.swift in Sources */,
				DA08F4292270B1CE006373A5 /* AlertsManager.swift in Sources */,
				DA08F42D2270EF8D006373A5 /* User.swift in Sources */,
				DAC8EB83226F981800DCC1F4 /* MainController.swift in Sources */,
				DAC8EB81226F981800DCC1F4 /* AppDelegate.swift in Sources */,
				DAC8EB9D226F9AC900DCC1F4 /* Expense.swift in Sources */,
			);
			runOnlyForDeploymentPostprocessing = 0;
		};
/* End PBXSourcesBuildPhase section */

/* Begin PBXVariantGroup section */
		DAC8EB89226F981B00DCC1F4 /* LaunchScreen.storyboard */ = {
			isa = PBXVariantGroup;
			children = (
				DAC8EB8A226F981B00DCC1F4 /* Base */,
			);
			name = LaunchScreen.storyboard;
			sourceTree = "<group>";
		};
/* End PBXVariantGroup section */

/* Begin XCBuildConfiguration section */
		DAC8EB8D226F981B00DCC1F4 /* Debug */ = {
			isa = XCBuildConfiguration;
			buildSettings = {
				ALWAYS_SEARCH_USER_PATHS = NO;
				CLANG_ANALYZER_NONNULL = YES;
				CLANG_ANALYZER_NUMBER_OBJECT_CONVERSION = YES_AGGRESSIVE;
				CLANG_CXX_LANGUAGE_STANDARD = "gnu++14";
				CLANG_CXX_LIBRARY = "libc++";
				CLANG_ENABLE_MODULES = YES;
				CLANG_ENABLE_OBJC_ARC = YES;
				CLANG_ENABLE_OBJC_WEAK = YES;
				CLANG_WARN_BLOCK_CAPTURE_AUTORELEASING = YES;
				CLANG_WARN_BOOL_CONVERSION = YES;
				CLANG_WARN_COMMA = YES;
				CLANG_WARN_CONSTANT_CONVERSION = YES;
				CLANG_WARN_DEPRECATED_OBJC_IMPLEMENTATIONS = YES;
				CLANG_WARN_DIRECT_OBJC_ISA_USAGE = YES_ERROR;
				CLANG_WARN_DOCUMENTATION_COMMENTS = YES;
				CLANG_WARN_EMPTY_BODY = YES;
				CLANG_WARN_ENUM_CONVERSION = YES;
				CLANG_WARN_INFINITE_RECURSION = YES;
				CLANG_WARN_INT_CONVERSION = YES;
				CLANG_WARN_NON_LITERAL_NULL_CONVERSION = YES;
				CLANG_WARN_OBJC_IMPLICIT_RETAIN_SELF = YES;
				CLANG_WARN_OBJC_LITERAL_CONVERSION = YES;
				CLANG_WARN_OBJC_ROOT_CLASS = YES_ERROR;
				CLANG_WARN_RANGE_LOOP_ANALYSIS = YES;
				CLANG_WARN_STRICT_PROTOTYPES = YES;
				CLANG_WARN_SUSPICIOUS_MOVE = YES;
				CLANG_WARN_UNGUARDED_AVAILABILITY = YES_AGGRESSIVE;
				CLANG_WARN_UNREACHABLE_CODE = YES;
				CLANG_WARN__DUPLICATE_METHOD_MATCH = YES;
				CODE_SIGN_IDENTITY = "iPhone Developer";
				COPY_PHASE_STRIP = NO;
				DEBUG_INFORMATION_FORMAT = dwarf;
				ENABLE_STRICT_OBJC_MSGSEND = YES;
				ENABLE_TESTABILITY = YES;
				GCC_C_LANGUAGE_STANDARD = gnu11;
				GCC_DYNAMIC_NO_PIC = NO;
				GCC_NO_COMMON_BLOCKS = YES;
				GCC_OPTIMIZATION_LEVEL = 0;
				GCC_PREPROCESSOR_DEFINITIONS = (
					"DEBUG=1",
					"$(inherited)",
				);
				GCC_WARN_64_TO_32_BIT_CONVERSION = YES;
				GCC_WARN_ABOUT_RETURN_TYPE = YES_ERROR;
				GCC_WARN_UNDECLARED_SELECTOR = YES;
				GCC_WARN_UNINITIALIZED_AUTOS = YES_AGGRESSIVE;
				GCC_WARN_UNUSED_FUNCTION = YES;
				GCC_WARN_UNUSED_VARIABLE = YES;
				IPHONEOS_DEPLOYMENT_TARGET = 12.1;
				MTL_ENABLE_DEBUG_INFO = INCLUDE_SOURCE;
				MTL_FAST_MATH = YES;
				ONLY_ACTIVE_ARCH = YES;
				SDKROOT = iphoneos;
				SWIFT_ACTIVE_COMPILATION_CONDITIONS = DEBUG;
				SWIFT_OPTIMIZATION_LEVEL = "-Onone";
			};
			name = Debug;
		};
		DAC8EB8E226F981B00DCC1F4 /* Release */ = {
			isa = XCBuildConfiguration;
			buildSettings = {
				ALWAYS_SEARCH_USER_PATHS = NO;
				CLANG_ANALYZER_NONNULL = YES;
				CLANG_ANALYZER_NUMBER_OBJECT_CONVERSION = YES_AGGRESSIVE;
				CLANG_CXX_LANGUAGE_STANDARD = "gnu++14";
				CLANG_CXX_LIBRARY = "libc++";
				CLANG_ENABLE_MODULES = YES;
				CLANG_ENABLE_OBJC_ARC = YES;
				CLANG_ENABLE_OBJC_WEAK = YES;
				CLANG_WARN_BLOCK_CAPTURE_AUTORELEASING = YES;
				CLANG_WARN_BOOL_CONVERSION = YES;
				CLANG_WARN_COMMA = YES;
				CLANG_WARN_CONSTANT_CONVERSION = YES;
				CLANG_WARN_DEPRECATED_OBJC_IMPLEMENTATIONS = YES;
				CLANG_WARN_DIRECT_OBJC_ISA_USAGE = YES_ERROR;
				CLANG_WARN_DOCUMENTATION_COMMENTS = YES;
				CLANG_WARN_EMPTY_BODY = YES;
				CLANG_WARN_ENUM_CONVERSION = YES;
				CLANG_WARN_INFINITE_RECURSION = YES;
				CLANG_WARN_INT_CONVERSION = YES;
				CLANG_WARN_NON_LITERAL_NULL_CONVERSION = YES;
				CLANG_WARN_OBJC_IMPLICIT_RETAIN_SELF = YES;
				CLANG_WARN_OBJC_LITERAL_CONVERSION = YES;
				CLANG_WARN_OBJC_ROOT_CLASS = YES_ERROR;
				CLANG_WARN_RANGE_LOOP_ANALYSIS = YES;
				CLANG_WARN_STRICT_PROTOTYPES = YES;
				CLANG_WARN_SUSPICIOUS_MOVE = YES;
				CLANG_WARN_UNGUARDED_AVAILABILITY = YES_AGGRESSIVE;
				CLANG_WARN_UNREACHABLE_CODE = YES;
				CLANG_WARN__DUPLICATE_METHOD_MATCH = YES;
				CODE_SIGN_IDENTITY = "iPhone Developer";
				COPY_PHASE_STRIP = NO;
				DEBUG_INFORMATION_FORMAT = "dwarf-with-dsym";
				ENABLE_NS_ASSERTIONS = NO;
				ENABLE_STRICT_OBJC_MSGSEND = YES;
				GCC_C_LANGUAGE_STANDARD = gnu11;
				GCC_NO_COMMON_BLOCKS = YES;
				GCC_WARN_64_TO_32_BIT_CONVERSION = YES;
				GCC_WARN_ABOUT_RETURN_TYPE = YES_ERROR;
				GCC_WARN_UNDECLARED_SELECTOR = YES;
				GCC_WARN_UNINITIALIZED_AUTOS = YES_AGGRESSIVE;
				GCC_WARN_UNUSED_FUNCTION = YES;
				GCC_WARN_UNUSED_VARIABLE = YES;
				IPHONEOS_DEPLOYMENT_TARGET = 12.1;
				MTL_ENABLE_DEBUG_INFO = NO;
				MTL_FAST_MATH = YES;
				SDKROOT = iphoneos;
				SWIFT_COMPILATION_MODE = wholemodule;
				SWIFT_OPTIMIZATION_LEVEL = "-O";
				VALIDATE_PRODUCT = YES;
			};
			name = Release;
		};
		DAC8EB90226F981B00DCC1F4 /* Debug */ = {
			isa = XCBuildConfiguration;
			baseConfigurationReference = F0954CF9A1E1255B2E46B6F5 /* Pods-Budget.debug.xcconfig */;
			buildSettings = {
				ASSETCATALOG_COMPILER_APPICON_NAME = AppIcon;
				CODE_SIGN_STYLE = Automatic;
				DEVELOPMENT_TEAM = AXS5HWWGH9;
				INFOPLIST_FILE = Budget/Info.plist;
				LD_RUNPATH_SEARCH_PATHS = (
					"$(inherited)",
					"@executable_path/Frameworks",
				);
				PRODUCT_BUNDLE_IDENTIFIER = com.yagoapps.Budget;
				PRODUCT_NAME = "$(TARGET_NAME)";
				SWIFT_VERSION = 4.2;
				TARGETED_DEVICE_FAMILY = "1,2";
			};
			name = Debug;
		};
		DAC8EB91226F981B00DCC1F4 /* Release */ = {
			isa = XCBuildConfiguration;
			baseConfigurationReference = D0368C6DEA64C96406B5A10E /* Pods-Budget.release.xcconfig */;
			buildSettings = {
				ASSETCATALOG_COMPILER_APPICON_NAME = AppIcon;
				CODE_SIGN_STYLE = Automatic;
				DEVELOPMENT_TEAM = AXS5HWWGH9;
				INFOPLIST_FILE = Budget/Info.plist;
				LD_RUNPATH_SEARCH_PATHS = (
					"$(inherited)",
					"@executable_path/Frameworks",
				);
				PRODUCT_BUNDLE_IDENTIFIER = com.yagoapps.Budget;
				PRODUCT_NAME = "$(TARGET_NAME)";
				SWIFT_VERSION = 4.2;
				TARGETED_DEVICE_FAMILY = "1,2";
			};
			name = Release;
		};
/* End XCBuildConfiguration section */

/* Begin XCConfigurationList section */
		DAC8EB78226F981800DCC1F4 /* Build configuration list for PBXProject "Budget" */ = {
			isa = XCConfigurationList;
			buildConfigurations = (
				DAC8EB8D226F981B00DCC1F4 /* Debug */,
				DAC8EB8E226F981B00DCC1F4 /* Release */,
			);
			defaultConfigurationIsVisible = 0;
			defaultConfigurationName = Release;
		};
		DAC8EB8F226F981B00DCC1F4 /* Build configuration list for PBXNativeTarget "Budget" */ = {
			isa = XCConfigurationList;
			buildConfigurations = (
				DAC8EB90226F981B00DCC1F4 /* Debug */,
				DAC8EB91226F981B00DCC1F4 /* Release */,
			);
			defaultConfigurationIsVisible = 0;
			defaultConfigurationName = Release;
		};
/* End XCConfigurationList section */
	};
	rootObject = DAC8EB75226F981800DCC1F4 /* Project object */;
}
